lockfileVersion: '9.0'

settings:
  autoInstallPeers: true
  excludeLinksFromLockfile: false

importers:

  .:
    devDependencies:
      lightningcss-cli:
        specifier: ^1.24.1
        version: 1.24.1
      marked:
        specifier: ^12.0.1
        version: 12.0.1

packages:

  detect-libc@1.0.3:
    resolution: {integrity: sha512-pGjwhsmsp4kL2RTz08wcOlGN83otlqHeD/Z5T8GXZB+/YcpQ/dgo+lbU8ZsGxV0HIvqqxo9l7mqYwyYMD9bKDg==}
    engines: {node: '>=0.10'}
    hasBin: true

  lightningcss-cli-darwin-arm64@1.24.1:
    resolution: {integrity: sha512-aEVbAvKd7VCaagHAWh+xHL5HGIj9l5t+XdpFb00/jwrhyPH5NL7KyVmOw1rbzIEp0eGYL2UxVtBYagPxjDyt4Q==}
    engines: {node: '>= 12.0.0'}
    cpu: [arm64]
    os: [darwin]

  lightningcss-cli-darwin-x64@1.24.1:
    resolution: {integrity: sha512-CzGxqMibHSH3mFHJBkBp/zip3jmNPY7J3deF5FyL0ibjjfrmdifdwcx7thxcSqrSgWnBUDJ4pLt9vbYykMaDrg==}
    engines: {node: '>= 12.0.0'}
    cpu: [x64]
    os: [darwin]

  lightningcss-cli-freebsd-x64@1.24.1:
    resolution: {integrity: sha512-0v2MLwNShwff1qZNWvbxDYN5E0Zy4r+YAHTaG2Q5eThWEcO+1KnokSYFd+sxKFapghyzelYtByvdHUP/r5T4Tw==}
    engines: {node: '>= 12.0.0'}
    cpu: [x64]
    os: [freebsd]

  lightningcss-cli-linux-arm-gnueabihf@1.24.1:
    resolution: {integrity: sha512-BZOYEFKhBk4C9tgLTvA9XP/K9eOzMebhFHROJ/4bCucRgO4ylOTRZk9ik8BMJJrAB7aeZakzt3/FWLbPL3522g==}
    engines: {node: '>= 12.0.0'}
    cpu: [arm]
    os: [linux]

  lightningcss-cli-linux-arm64-gnu@1.24.1:
    resolution: {integrity: sha512-TRRqgFzLTvO6hJMDIYtSliLfNaZLf2SXatHUmxP0a1Td8O1LUNILyiUzdjRHxBJ4u0fD93QTWHdNPMmYhZBv+A==}
    engines: {node: '>= 12.0.0'}
    cpu: [arm64]
    os: [linux]

  lightningcss-cli-linux-arm64-musl@1.24.1:
    resolution: {integrity: sha512-5ymGVRskVcddBwSsOfzMZUVy2mpO+fvU21rPCAVITnxui6B2jwLlwB+b4oQRJWSgfPZuwG8eb/csqKefeftpKg==}
    engines: {node: '>= 12.0.0'}
    cpu: [arm64]
    os: [linux]

  lightningcss-cli-linux-x64-gnu@1.24.1:
    resolution: {integrity: sha512-vuZbkCb36UuoDVuO+TYDov40Rhw4pWgcJXh/4KKOes0pFlSlBCtL+oTQ2DQopLDkA8BEUoSEhUC2fBB1tmNxsg==}
    engines: {node: '>= 12.0.0'}
    cpu: [x64]
    os: [linux]

  lightningcss-cli-linux-x64-musl@1.24.1:
    resolution: {integrity: sha512-gSHaMnq8M2JX8vOU7r0AywWtzQ4abwnHl7hKgu/zqXnX2Vw5TOUJYWILMeJy+G82TsoobNuiWH7Bak58hxdRZA==}
    engines: {node: '>= 12.0.0'}
    cpu: [x64]
    os: [linux]

  lightningcss-cli-win32-x64-msvc@1.24.1:
    resolution: {integrity: sha512-8hW4PZ9bNfM/UY1eQqAla1jRvUzcESCbhT4381d+N4g+ul2JrRi0FC4QctgAje5kl1udUt1zUMyhARJowvySVw==}
    engines: {node: '>= 12.0.0'}
    cpu: [x64]
    os: [win32]

  lightningcss-cli@1.24.1:
    resolution: {integrity: sha512-6HBXVWoHUNmOOoYeZzikGfWJT79NiuNgsztjEBLpen8V57VTG5/CFI/ekRDsHZRyJleUSsFjpqy7PzhtOBJhrQ==}
    engines: {node: '>= 12.0.0'}
    hasBin: true

  marked@12.0.1:
    resolution: {integrity: sha512-Y1/V2yafOcOdWQCX0XpAKXzDakPOpn6U0YLxTJs3cww6VxOzZV1BTOOYWLvH3gX38cq+iLwljHHTnMtlDfg01Q==}
    engines: {node: '>= 18'}
    hasBin: true

snapshots:

  detect-libc@1.0.3: {}

  lightningcss-cli-darwin-arm64@1.24.1:
    optional: true

  lightningcss-cli-darwin-x64@1.24.1:
    optional: true

  lightningcss-cli-freebsd-x64@1.24.1:
    optional: true

  lightningcss-cli-linux-arm-gnueabihf@1.24.1:
    optional: true

  lightningcss-cli-linux-arm64-gnu@1.24.1:
    optional: true

  lightningcss-cli-linux-arm64-musl@1.24.1:
    optional: true

  lightningcss-cli-linux-x64-gnu@1.24.1:
    optional: true

  lightningcss-cli-linux-x64-musl@1.24.1:
    optional: true

  lightningcss-cli-win32-x64-msvc@1.24.1:
    optional: true

  lightningcss-cli@1.24.1:
    dependencies:
      detect-libc: 1.0.3
    optionalDependencies:
      lightningcss-cli-darwin-arm64: 1.24.1
      lightningcss-cli-darwin-x64: 1.24.1
      lightningcss-cli-freebsd-x64: 1.24.1
      lightningcss-cli-linux-arm-gnueabihf: 1.24.1
      lightningcss-cli-linux-arm64-gnu: 1.24.1
      lightningcss-cli-linux-arm64-musl: 1.24.1
      lightningcss-cli-linux-x64-gnu: 1.24.1
      lightningcss-cli-linux-x64-musl: 1.24.1
      lightningcss-cli-win32-x64-msvc: 1.24.1

  marked@12.0.1: {}
